// !$*UTF8*$!
{
	archiveVersion = 1;
	classes = {
	};
	objectVersion = 48;
	objects = {

/* Begin PBXBuildFile section */
		6EC2D203207210660091E726 /* AppDelegate.swift in Sources */ = {isa = PBXBuildFile; fileRef = 6EC2D202207210660091E726 /* AppDelegate.swift */; };
		6EC2D205207210660091E726 /* ViewController.swift in Sources */ = {isa = PBXBuildFile; fileRef = 6EC2D204207210660091E726 /* ViewController.swift */; };
		6EC2D208207210660091E726 /* Main.storyboard in Resources */ = {isa = PBXBuildFile; fileRef = 6EC2D206207210660091E726 /* Main.storyboard */; };
		6EC2D20B207210660091E726 /* DemoWeather.xcdatamodeld in Sources */ = {isa = PBXBuildFile; fileRef = 6EC2D209207210660091E726 /* DemoWeather.xcdatamodeld */; };
		6EC2D20D207210660091E726 /* Assets.xcassets in Resources */ = {isa = PBXBuildFile; fileRef = 6EC2D20C207210660091E726 /* Assets.xcassets */; };
		6EC2D210207210660091E726 /* LaunchScreen.storyboard in Resources */ = {isa = PBXBuildFile; fileRef = 6EC2D20E207210660091E726 /* LaunchScreen.storyboard */; };
		6EC2D21A207212090091E726 /* NetWork.swift in Sources */ = {isa = PBXBuildFile; fileRef = 6EC2D219207212090091E726 /* NetWork.swift */; };
		6EC2D220207219800091E726 /* ManagerCity.swift in Sources */ = {isa = PBXBuildFile; fileRef = 6EC2D21C2072197F0091E726 /* ManagerCity.swift */; };
		6EC2D221207219800091E726 /* ModelCity.swift in Sources */ = {isa = PBXBuildFile; fileRef = 6EC2D21D207219800091E726 /* ModelCity.swift */; };
		6EC2D222207219800091E726 /* CityListCell.swift in Sources */ = {isa = PBXBuildFile; fileRef = 6EC2D21E207219800091E726 /* CityListCell.swift */; };
		6EC2D223207219800091E726 /* ViewModelCity.swift in Sources */ = {isa = PBXBuildFile; fileRef = 6EC2D21F207219800091E726 /* ViewModelCity.swift */; };
/* End PBXBuildFile section */

/* Begin PBXFileReference section */
		6EC2D1FF207210650091E726 /* DemoWeather.app */ = {isa = PBXFileReference; explicitFileType = wrapper.application; includeInIndex = 0; path = DemoWeather.app; sourceTree = BUILT_PRODUCTS_DIR; };
		6EC2D202207210660091E726 /* AppDelegate.swift */ = {isa = PBXFileReference; lastKnownFileType = sourcecode.swift; path = AppDelegate.swift; sourceTree = "<group>"; };
		6EC2D204207210660091E726 /* ViewController.swift */ = {isa = PBXFileReference; lastKnownFileType = sourcecode.swift; path = ViewController.swift; sourceTree = "<group>"; };
		6EC2D207207210660091E726 /* Base */ = {isa = PBXFileReference; lastKnownFileType = file.storyboard; name = Base; path = Base.lproj/Main.storyboard; sourceTree = "<group>"; };
		6EC2D20A207210660091E726 /* DemoWeather.xcdatamodel */ = {isa = PBXFileReference; lastKnownFileType = wrapper.xcdatamodel; path = DemoWeather.xcdatamodel; sourceTree = "<group>"; };
		6EC2D20C207210660091E726 /* Assets.xcassets */ = {isa = PBXFileReference; lastKnownFileType = folder.assetcatalog; path = Assets.xcassets; sourceTree = "<group>"; };
		6EC2D20F207210660091E726 /* Base */ = {isa = PBXFileReference; lastKnownFileType = file.storyboard; name = Base; path = Base.lproj/LaunchScreen.storyboard; sourceTree = "<group>"; };
		6EC2D211207210660091E726 /* Info.plist */ = {isa = PBXFileReference; lastKnownFileType = text.plist.xml; path = Info.plist; sourceTree = "<group>"; };
		6EC2D219207212090091E726 /* NetWork.swift */ = {isa = PBXFileReference; lastKnownFileType = sourcecode.swift; path = NetWork.swift; sourceTree = "<group>"; };
		6EC2D21C2072197F0091E726 /* ManagerCity.swift */ = {isa = PBXFileReference; fileEncoding = 4; lastKnownFileType = sourcecode.swift; path = ManagerCity.swift; sourceTree = "<group>"; };
		6EC2D21D207219800091E726 /* ModelCity.swift */ = {isa = PBXFileReference; fileEncoding = 4; lastKnownFileType = sourcecode.swift; path = ModelCity.swift; sourceTree = "<group>"; };
		6EC2D21E207219800091E726 /* CityListCell.swift */ = {isa = PBXFileReference; fileEncoding = 4; lastKnownFileType = sourcecode.swift; path = CityListCell.swift; sourceTree = "<group>"; };
		6EC2D21F207219800091E726 /* ViewModelCity.swift */ = {isa = PBXFileReference; fileEncoding = 4; lastKnownFileType = sourcecode.swift; path = ViewModelCity.swift; sourceTree = "<group>"; };
/* End PBXFileReference section */

/* Begin PBXFrameworksBuildPhase section */
		6EC2D1FC207210650091E726 /* Frameworks */ = {
			isa = PBXFrameworksBuildPhase;
			buildActionMask = 2147483647;
			files = (
			);
			runOnlyForDeploymentPostprocessing = 0;
		};
/* End PBXFrameworksBuildPhase section */

/* Begin PBXGroup section */
		6E06FCAE207394A200C959C5 /* Helpers */ = {
			isa = PBXGroup;
			children = (
				6E06FCAF207394AC00C959C5 /* NetworkLayer */,
			);
			path = Helpers;
			sourceTree = "<group>";
		};
		6E06FCAF207394AC00C959C5 /* NetworkLayer */ = {
			isa = PBXGroup;
			children = (
				6EC2D219207212090091E726 /* NetWork.swift */,
			);
			path = NetworkLayer;
			sourceTree = "<group>";
		};
		6EC2D1F6207210650091E726 = {
			isa = PBXGroup;
			children = (
				6EC2D201207210650091E726 /* DemoWeather */,
				6EC2D200207210650091E726 /* Products */,
			);
			sourceTree = "<group>";
		};
		6EC2D200207210650091E726 /* Products */ = {
			isa = PBXGroup;
			children = (
				6EC2D1FF207210650091E726 /* DemoWeather.app */,
			);
			name = Products;
			sourceTree = "<group>";
		};
		6EC2D201207210650091E726 /* DemoWeather */ = {
			isa = PBXGroup;
			children = (
				6EC2D202207210660091E726 /* AppDelegate.swift */,
				6EC2D2282072318A0091E726 /* MVVM */,
				6E06FCAE207394A200C959C5 /* Helpers */,
				6EC2D206207210660091E726 /* Main.storyboard */,
				6EC2D20C207210660091E726 /* Assets.xcassets */,
				6EC2D20E207210660091E726 /* LaunchScreen.storyboard */,
				6EC2D211207210660091E726 /* Info.plist */,
				6EC2D209207210660091E726 /* DemoWeather.xcdatamodeld */,
			);
			path = DemoWeather;
			sourceTree = "<group>";
		};
		6EC2D21B207212130091E726 /* Managers */ = {
			isa = PBXGroup;
			children = (
				6EC2D21C2072197F0091E726 /* ManagerCity.swift */,
			);
			path = Managers;
			sourceTree = "<group>";
		};
		6EC2D224207230E50091E726 /* Views */ = {
			isa = PBXGroup;
			children = (
				6EC2D227207231690091E726 /* ViewControllers */,
				6EC2D229207231BA0091E726 /* TableCells */,
			);
			path = Views;
			sourceTree = "<group>";
		};
		6EC2D225207230FC0091E726 /* ViewModel */ = {
			isa = PBXGroup;
			children = (
				6EC2D21F207219800091E726 /* ViewModelCity.swift */,
			);
			path = ViewModel;
			sourceTree = "<group>";
		};
		6EC2D2262072312A0091E726 /* Model */ = {
			isa = PBXGroup;
			children = (
				6EC2D21D207219800091E726 /* ModelCity.swift */,
			);
			path = Model;
			sourceTree = "<group>";
		};
		6EC2D227207231690091E726 /* ViewControllers */ = {
			isa = PBXGroup;
			children = (
				6EC2D21B207212130091E726 /* Managers */,
				6EC2D204207210660091E726 /* ViewController.swift */,
			);
			path = ViewControllers;
			sourceTree = "<group>";
		};
		6EC2D2282072318A0091E726 /* MVVM */ = {
			isa = PBXGroup;
			children = (
				6EC2D2262072312A0091E726 /* Model */,
				6EC2D224207230E50091E726 /* Views */,
				6EC2D225207230FC0091E726 /* ViewModel */,
			);
			path = MVVM;
			sourceTree = "<group>";
		};
		6EC2D229207231BA0091E726 /* TableCells */ = {
			isa = PBXGroup;
			children = (
				6EC2D21E207219800091E726 /* CityListCell.swift */,
			);
			path = TableCells;
			sourceTree = "<group>";
		};
/* End PBXGroup section */

/* Begin PBXNativeTarget section */
		6EC2D1FE207210650091E726 /* DemoWeather */ = {
			isa = PBXNativeTarget;
			buildConfigurationList = 6EC2D214207210660091E726 /* Build configuration list for PBXNativeTarget "DemoWeather" */;
			buildPhases = (
				6EC2D1FB207210650091E726 /* Sources */,
				6EC2D1FC207210650091E726 /* Frameworks */,
				6EC2D1FD207210650091E726 /* Resources */,
			);
			buildRules = (
			);
			dependencies = (
			);
			name = DemoWeather;
			productName = DemoWeather;
			productReference = 6EC2D1FF207210650091E726 /* DemoWeather.app */;
			productType = "com.apple.product-type.application";
		};
/* End PBXNativeTarget section */

/* Begin PBXProject section */
		6EC2D1F7207210650091E726 /* Project object */ = {
			isa = PBXProject;
			attributes = {
				LastSwiftUpdateCheck = 0920;
				LastUpgradeCheck = 0920;
				ORGANIZATIONNAME = "Bharat Byan";
				TargetAttributes = {
					6EC2D1FE207210650091E726 = {
						CreatedOnToolsVersion = 9.2;
						ProvisioningStyle = Manual;
					};
				};
			};
			buildConfigurationList = 6EC2D1FA207210650091E726 /* Build configuration list for PBXProject "DemoWeather" */;
			compatibilityVersion = "Xcode 8.0";
			developmentRegion = en;
			hasScannedForEncodings = 0;
			knownRegions = (
				en,
				Base,
			);
			mainGroup = 6EC2D1F6207210650091E726;
			productRefGroup = 6EC2D200207210650091E726 /* Products */;
			projectDirPath = "";
			projectRoot = "";
			targets = (
				6EC2D1FE207210650091E726 /* DemoWeather */,
			);
		};
/* End PBXProject section */

/* Begin PBXResourcesBuildPhase section */
		6EC2D1FD207210650091E726 /* Resources */ = {
			isa = PBXResourcesBuildPhase;
			buildActionMask = 2147483647;
			files = (
				6EC2D210207210660091E726 /* LaunchScreen.storyboard in Resources */,
				6EC2D20D207210660091E726 /* Assets.xcassets in Resources */,
				6EC2D208207210660091E726 /* Main.storyboard in Resources */,
			);
			runOnlyForDeploymentPostprocessing = 0;
		};
/* End PBXResourcesBuildPhase section */

/* Begin PBXSourcesBuildPhase section */
		6EC2D1FB207210650091E726 /* Sources */ = {
			isa = PBXSourcesBuildPhase;
			buildActionMask = 2147483647;
			files = (
				6EC2D205207210660091E726 /* ViewController.swift in Sources */,
				6EC2D203207210660091E726 /* AppDelegate.swift in Sources */,
				6EC2D21A207212090091E726 /* NetWork.swift in Sources */,
				6EC2D221207219800091E726 /* ModelCity.swift in Sources */,
				6EC2D223207219800091E726 /* ViewModelCity.swift in Sources */,
				6EC2D220207219800091E726 /* ManagerCity.swift in Sources */,
				6EC2D222207219800091E726 /* CityListCell.swift in Sources */,
				6EC2D20B207210660091E726 /* DemoWeather.xcdatamodeld in Sources */,
			);
			runOnlyForDeploymentPostprocessing = 0;
		};
/* End PBXSourcesBuildPhase section */

/* Begin PBXVariantGroup section */
		6EC2D206207210660091E726 /* Main.storyboard */ = {
			isa = PBXVariantGroup;
			children = (
				6EC2D207207210660091E726 /* Base */,
			);
			name = Main.storyboard;
			sourceTree = "<group>";
		};
		6EC2D20E207210660091E726 /* LaunchScreen.storyboard */ = {
			isa = PBXVariantGroup;
			children = (
				6EC2D20F207210660091E726 /* Base */,
			);
			name = LaunchScreen.storyboard;
			sourceTree = "<group>";
		};
/* End PBXVariantGroup section */

/* Begin XCBuildConfiguration section */
		6EC2D212207210660091E726 /* Debug */ = {
			isa = XCBuildConfiguration;
			buildSettings = {
				ALWAYS_SEARCH_USER_PATHS = NO;
				CLANG_ANALYZER_NONNULL = YES;
				CLANG_ANALYZER_NUMBER_OBJECT_CONVERSION = YES_AGGRESSIVE;
				CLANG_CXX_LANGUAGE_STANDARD = "gnu++14";
				CLANG_CXX_LIBRARY = "libc++";
				CLANG_ENABLE_MODULES = YES;
				CLANG_ENABLE_OBJC_ARC = YES;
				CLANG_WARN_BLOCK_CAPTURE_AUTORELEASING = YES;
				CLANG_WARN_BOOL_CONVERSION = YES;
				CLANG_WARN_COMMA = YES;
				CLANG_WARN_CONSTANT_CONVERSION = YES;
				CLANG_WARN_DIRECT_OBJC_ISA_USAGE = YES_ERROR;
				CLANG_WARN_DOCUMENTATION_COMMENTS = YES;
				CLANG_WARN_EMPTY_BODY = YES;
				CLANG_WARN_ENUM_CONVERSION = YES;
				CLANG_WARN_INFINITE_RECURSION = YES;
				CLANG_WARN_INT_CONVERSION = YES;
				CLANG_WARN_NON_LITERAL_NULL_CONVERSION = YES;
				CLANG_WARN_OBJC_LITERAL_CONVERSION = YES;
				CLANG_WARN_OBJC_ROOT_CLASS = YES_ERROR;
				CLANG_WARN_RANGE_LOOP_ANALYSIS = YES;
				CLANG_WARN_STRICT_PROTOTYPES = YES;
				CLANG_WARN_SUSPICIOUS_MOVE = YES;
				CLANG_WARN_UNGUARDED_AVAILABILITY = YES_AGGRESSIVE;
				CLANG_WARN_UNREACHABLE_CODE = YES;
				CLANG_WARN__DUPLICATE_METHOD_MATCH = YES;
				CODE_SIGN_IDENTITY = "iPhone Developer";
				COPY_PHASE_STRIP = NO;
				DEBUG_INFORMATION_FORMAT = dwarf;
				ENABLE_STRICT_OBJC_MSGSEND = YES;
				ENABLE_TESTABILITY = YES;
				GCC_C_LANGUAGE_STANDARD = gnu11;
				GCC_DYNAMIC_NO_PIC = NO;
				GCC_NO_COMMON_BLOCKS = YES;
				GCC_OPTIMIZATION_LEVEL = 0;
				GCC_PREPROCESSOR_DEFINITIONS = (
					"DEBUG=1",
					"$(inherited)",
				);
				GCC_WARN_64_TO_32_BIT_CONVERSION = YES;
				GCC_WARN_ABOUT_RETURN_TYPE = YES_ERROR;
				GCC_WARN_UNDECLARED_SELECTOR = YES;
				GCC_WARN_UNINITIALIZED_AUTOS = YES_AGGRESSIVE;
				GCC_WARN_UNUSED_FUNCTION = YES;
				GCC_WARN_UNUSED_VARIABLE = YES;
				IPHONEOS_DEPLOYMENT_TARGET = 11.2;
				MTL_ENABLE_DEBUG_INFO = YES;
				ONLY_ACTIVE_ARCH = YES;
				SDKROOT = iphoneos;
				SWIFT_ACTIVE_COMPILATION_CONDITIONS = DEBUG;
				SWIFT_OPTIMIZATION_LEVEL = "-Onone";
			};
			name = Debug;
		};
		6EC2D213207210660091E726 /* Release */ = {
			isa = XCBuildConfiguration;
			buildSettings = {
				ALWAYS_SEARCH_USER_PATHS = NO;
				CLANG_ANALYZER_NONNULL = YES;
				CLANG_ANALYZER_NUMBER_OBJECT_CONVERSION = YES_AGGRESSIVE;
				CLANG_CXX_LANGUAGE_STANDARD = "gnu++14";
				CLANG_CXX_LIBRARY = "libc++";
				CLANG_ENABLE_MODULES = YES;
				CLANG_ENABLE_OBJC_ARC = YES;
				CLANG_WARN_BLOCK_CAPTURE_AUTORELEASING = YES;
				CLANG_WARN_BOOL_CONVERSION = YES;
				CLANG_WARN_COMMA = YES;
				CLANG_WARN_CONSTANT_CONVERSION = YES;
				CLANG_WARN_DIRECT_OBJC_ISA_USAGE = YES_ERROR;
				CLANG_WARN_DOCUMENTATION_COMMENTS = YES;
				CLANG_WARN_EMPTY_BODY = YES;
				CLANG_WARN_ENUM_CONVERSION = YES;
				CLANG_WARN_INFINITE_RECURSION = YES;
				CLANG_WARN_INT_CONVERSION = YES;
				CLANG_WARN_NON_LITERAL_NULL_CONVERSION = YES;
				CLANG_WARN_OBJC_LITERAL_CONVERSION = YES;
				CLANG_WARN_OBJC_ROOT_CLASS = YES_ERROR;
				CLANG_WARN_RANGE_LOOP_ANALYSIS = YES;
				CLANG_WARN_STRICT_PROTOTYPES = YES;
				CLANG_WARN_SUSPICIOUS_MOVE = YES;
				CLANG_WARN_UNGUARDED_AVAILABILITY = YES_AGGRESSIVE;
				CLANG_WARN_UNREACHABLE_CODE = YES;
				CLANG_WARN__DUPLICATE_METHOD_MATCH = YES;
				CODE_SIGN_IDENTITY = "iPhone Developer";
				COPY_PHASE_STRIP = NO;
				DEBUG_INFORMATION_FORMAT = "dwarf-with-dsym";
				ENABLE_NS_ASSERTIONS = NO;
				ENABLE_STRICT_OBJC_MSGSEND = YES;
				GCC_C_LANGUAGE_STANDARD = gnu11;
				GCC_NO_COMMON_BLOCKS = YES;
				GCC_WARN_64_TO_32_BIT_CONVERSION = YES;
				GCC_WARN_ABOUT_RETURN_TYPE = YES_ERROR;
				GCC_WARN_UNDECLARED_SELECTOR = YES;
				GCC_WARN_UNINITIALIZED_AUTOS = YES_AGGRESSIVE;
				GCC_WARN_UNUSED_FUNCTION = YES;
				GCC_WARN_UNUSED_VARIABLE = YES;
				IPHONEOS_DEPLOYMENT_TARGET = 11.2;
				MTL_ENABLE_DEBUG_INFO = NO;
				SDKROOT = iphoneos;
				SWIFT_OPTIMIZATION_LEVEL = "-Owholemodule";
				VALIDATE_PRODUCT = YES;
			};
			name = Release;
		};
		6EC2D215207210660091E726 /* Debug */ = {
			isa = XCBuildConfiguration;
			buildSettings = {
				ASSETCATALOG_COMPILER_APPICON_NAME = AppIcon;
				CODE_SIGN_STYLE = Manual;
				DEVELOPMENT_TEAM = "";
				INFOPLIST_FILE = DemoWeather/Info.plist;
				LD_RUNPATH_SEARCH_PATHS = "$(inherited) @executable_path/Frameworks";
				PRODUCT_BUNDLE_IDENTIFIER = "com.testing.-.DemoWeather";
				PRODUCT_NAME = "$(TARGET_NAME)";
				PROVISIONING_PROFILE_SPECIFIER = "";
				SWIFT_VERSION = 4.0;
				TARGETED_DEVICE_FAMILY = "1,2";
			};
			name = Debug;
		};
		6EC2D216207210660091E726 /* Release */ = {
			isa = XCBuildConfiguration;
			buildSettings = {
				ASSETCATALOG_COMPILER_APPICON_NAME = AppIcon;
				CODE_SIGN_STYLE = Manual;
				DEVELOPMENT_TEAM = "";
				INFOPLIST_FILE = DemoWeather/Info.plist;
				LD_RUNPATH_SEARCH_PATHS = "$(inherited) @executable_path/Frameworks";
				PRODUCT_BUNDLE_IDENTIFIER = "com.testing.-.DemoWeather";
				PRODUCT_NAME = "$(TARGET_NAME)";
				PROVISIONING_PROFILE_SPECIFIER = "";
				SWIFT_VERSION = 4.0;
				TARGETED_DEVICE_FAMILY = "1,2";
			};
			name = Release;
		};
/* End XCBuildConfiguration section */

/* Begin XCConfigurationList section */
		6EC2D1FA207210650091E726 /* Build configuration list for PBXProject "DemoWeather" */ = {
			isa = XCConfigurationList;
			buildConfigurations = (
				6EC2D212207210660091E726 /* Debug */,
				6EC2D213207210660091E726 /* Release */,
			);
			defaultConfigurationIsVisible = 0;
			defaultConfigurationName = Release;
		};
		6EC2D214207210660091E726 /* Build configuration list for PBXNativeTarget "DemoWeather" */ = {
			isa = XCConfigurationList;
			buildConfigurations = (
				6EC2D215207210660091E726 /* Debug */,
				6EC2D216207210660091E726 /* Release */,
			);
			defaultConfigurationIsVisible = 0;
			defaultConfigurationName = Release;
		};
/* End XCConfigurationList section */

/* Begin XCVersionGroup section */
		6EC2D209207210660091E726 /* DemoWeather.xcdatamodeld */ = {
			isa = XCVersionGroup;
			children = (
				6EC2D20A207210660091E726 /* DemoWeather.xcdatamodel */,
			);
			currentVersion = 6EC2D20A207210660091E726 /* DemoWeather.xcdatamodel */;
			path = DemoWeather.xcdatamodeld;
			sourceTree = "<group>";
			versionGroupType = wrapper.xcdatamodel;
		};
/* End XCVersionGroup section */
	};
	rootObject = 6EC2D1F7207210650091E726 /* Project object */;
}
